
Microsoft Visual Studio Solution File, Format Version 12.00
# Visual Studio Version 16
VisualStudioVersion = 16.0.32002.261
MinimumVisualStudioVersion = 10.0.40219.1
Project("{FAE04EC0-301F-11D3-BF4B-00C04F79EFBC}") = "Opgave34", "Opgave34\Opgave34.csproj", "{3217BEF9-C834-4AD7-B326-B2EC2ADFB33F}"
EndProject
Global
	GlobalSection(SolutionConfigurationPlatforms) = preSolution
		Debug|Any CPU = Debug|Any CPU
		Release|Any CPU = Release|Any CPU
	EndGlobalSection
	GlobalSection(ProjectConfigurationPlatforms) = postSolution
		{3217BEF9-C834-4AD7-B326-B2EC2ADFB33F}.Debug|Any CPU.ActiveCfg = Debug|Any CPU
		{3217BEF9-C834-4AD7-B326-B2EC2ADFB33F}.Debug|Any CPU.Build.0 = Debug|Any CPU
		{3217BEF9-C834-4AD7-B326-B2EC2ADFB33F}.Release|Any CPU.ActiveCfg = Release|Any CPU
		{3217BEF9-C834-4AD7-B326-B2EC2ADFB33F}.Release|Any CPU.Build.0 = Release|Any CPU
	EndGlobalSection
	GlobalSection(SolutionProperties) = preSolution
		HideSolutionNode = FALSE
	EndGlobalSection
	GlobalSection(ExtensibilityGlobals) = postSolution
		SolutionGuid = {62FFCDE1-57B8-4B31-9B4E-B5154160E6C9}
	EndGlobalSection
EndGlobal
