
Microsoft Visual Studio Solution File, Format Version 12.00
# Visual Studio Version 16
VisualStudioVersion = 16.0.32002.261
MinimumVisualStudioVersion = 10.0.40219.1
Project("{FAE04EC0-301F-11D3-BF4B-00C04F79EFBC}") = "OPGAVE8", "OPGAVE8\OPGAVE8.csproj", "{A92BF9B0-5425-46F2-AC76-D6C0B2708CA6}"
EndProject
Global
	GlobalSection(SolutionConfigurationPlatforms) = preSolution
		Debug|Any CPU = Debug|Any CPU
		Release|Any CPU = Release|Any CPU
	EndGlobalSection
	GlobalSection(ProjectConfigurationPlatforms) = postSolution
		{A92BF9B0-5425-46F2-AC76-D6C0B2708CA6}.Debug|Any CPU.ActiveCfg = Debug|Any CPU
		{A92BF9B0-5425-46F2-AC76-D6C0B2708CA6}.Debug|Any CPU.Build.0 = Debug|Any CPU
		{A92BF9B0-5425-46F2-AC76-D6C0B2708CA6}.Release|Any CPU.ActiveCfg = Release|Any CPU
		{A92BF9B0-5425-46F2-AC76-D6C0B2708CA6}.Release|Any CPU.Build.0 = Release|Any CPU
	EndGlobalSection
	GlobalSection(SolutionProperties) = preSolution
		HideSolutionNode = FALSE
	EndGlobalSection
	GlobalSection(ExtensibilityGlobals) = postSolution
		SolutionGuid = {0FD3AB39-D829-44EA-BE60-E39D290FA28B}
	EndGlobalSection
EndGlobal
