
Microsoft Visual Studio Solution File, Format Version 12.00
# Visual Studio Version 16
VisualStudioVersion = 16.0.32002.261
MinimumVisualStudioVersion = 10.0.40219.1
Project("{FAE04EC0-301F-11D3-BF4B-00C04F79EFBC}") = "Burgerrestauranten", "Burgerrestauranten\Burgerrestauranten.csproj", "{859C4DFC-5005-4A58-B221-2192DA6A235F}"
EndProject
Global
	GlobalSection(SolutionConfigurationPlatforms) = preSolution
		Debug|Any CPU = Debug|Any CPU
		Release|Any CPU = Release|Any CPU
	EndGlobalSection
	GlobalSection(ProjectConfigurationPlatforms) = postSolution
		{859C4DFC-5005-4A58-B221-2192DA6A235F}.Debug|Any CPU.ActiveCfg = Debug|Any CPU
		{859C4DFC-5005-4A58-B221-2192DA6A235F}.Debug|Any CPU.Build.0 = Debug|Any CPU
		{859C4DFC-5005-4A58-B221-2192DA6A235F}.Release|Any CPU.ActiveCfg = Release|Any CPU
		{859C4DFC-5005-4A58-B221-2192DA6A235F}.Release|Any CPU.Build.0 = Release|Any CPU
	EndGlobalSection
	GlobalSection(SolutionProperties) = preSolution
		HideSolutionNode = FALSE
	EndGlobalSection
	GlobalSection(ExtensibilityGlobals) = postSolution
		SolutionGuid = {3AC02DC7-04DE-4C7A-87F5-16C16B20E7BF}
	EndGlobalSection
EndGlobal
