
Microsoft Visual Studio Solution File, Format Version 12.00
# Visual Studio Version 16
VisualStudioVersion = 16.0.32002.261
MinimumVisualStudioVersion = 10.0.40219.1
Project("{FAE04EC0-301F-11D3-BF4B-00C04F79EFBC}") = "Temperaturomregning", "Temperaturomregning\Temperaturomregning.csproj", "{FC3EA074-DDCD-40AA-A541-49FCD1907084}"
EndProject
Global
	GlobalSection(SolutionConfigurationPlatforms) = preSolution
		Debug|Any CPU = Debug|Any CPU
		Release|Any CPU = Release|Any CPU
	EndGlobalSection
	GlobalSection(ProjectConfigurationPlatforms) = postSolution
		{FC3EA074-DDCD-40AA-A541-49FCD1907084}.Debug|Any CPU.ActiveCfg = Debug|Any CPU
		{FC3EA074-DDCD-40AA-A541-49FCD1907084}.Debug|Any CPU.Build.0 = Debug|Any CPU
		{FC3EA074-DDCD-40AA-A541-49FCD1907084}.Release|Any CPU.ActiveCfg = Release|Any CPU
		{FC3EA074-DDCD-40AA-A541-49FCD1907084}.Release|Any CPU.Build.0 = Release|Any CPU
	EndGlobalSection
	GlobalSection(SolutionProperties) = preSolution
		HideSolutionNode = FALSE
	EndGlobalSection
	GlobalSection(ExtensibilityGlobals) = postSolution
		SolutionGuid = {D39DC04F-3752-4CF0-AE86-74DF9C83EBCE}
	EndGlobalSection
EndGlobal
