
Microsoft Visual Studio Solution File, Format Version 12.00
# Visual Studio Version 16
VisualStudioVersion = 16.0.32002.261
MinimumVisualStudioVersion = 10.0.40219.1
Project("{FAE04EC0-301F-11D3-BF4B-00C04F79EFBC}") = "Opgave14A", "Opgave14A\Opgave14A.csproj", "{5FB3F1D7-4ABD-4FA7-870A-D35706073A2C}"
EndProject
Global
	GlobalSection(SolutionConfigurationPlatforms) = preSolution
		Debug|Any CPU = Debug|Any CPU
		Release|Any CPU = Release|Any CPU
	EndGlobalSection
	GlobalSection(ProjectConfigurationPlatforms) = postSolution
		{5FB3F1D7-4ABD-4FA7-870A-D35706073A2C}.Debug|Any CPU.ActiveCfg = Debug|Any CPU
		{5FB3F1D7-4ABD-4FA7-870A-D35706073A2C}.Debug|Any CPU.Build.0 = Debug|Any CPU
		{5FB3F1D7-4ABD-4FA7-870A-D35706073A2C}.Release|Any CPU.ActiveCfg = Release|Any CPU
		{5FB3F1D7-4ABD-4FA7-870A-D35706073A2C}.Release|Any CPU.Build.0 = Release|Any CPU
	EndGlobalSection
	GlobalSection(SolutionProperties) = preSolution
		HideSolutionNode = FALSE
	EndGlobalSection
	GlobalSection(ExtensibilityGlobals) = postSolution
		SolutionGuid = {92B40FE2-2760-4527-B4E9-2EECE6FAB899}
	EndGlobalSection
EndGlobal
