
Microsoft Visual Studio Solution File, Format Version 12.00
# Visual Studio Version 16
VisualStudioVersion = 16.0.32002.261
MinimumVisualStudioVersion = 10.0.40219.1
Project("{FAE04EC0-301F-11D3-BF4B-00C04F79EFBC}") = "Opgave28", "Opgave28\Opgave28.csproj", "{C5BDDB0A-553F-456B-AF37-FAFD4DC94E74}"
EndProject
Global
	GlobalSection(SolutionConfigurationPlatforms) = preSolution
		Debug|Any CPU = Debug|Any CPU
		Release|Any CPU = Release|Any CPU
	EndGlobalSection
	GlobalSection(ProjectConfigurationPlatforms) = postSolution
		{C5BDDB0A-553F-456B-AF37-FAFD4DC94E74}.Debug|Any CPU.ActiveCfg = Debug|Any CPU
		{C5BDDB0A-553F-456B-AF37-FAFD4DC94E74}.Debug|Any CPU.Build.0 = Debug|Any CPU
		{C5BDDB0A-553F-456B-AF37-FAFD4DC94E74}.Release|Any CPU.ActiveCfg = Release|Any CPU
		{C5BDDB0A-553F-456B-AF37-FAFD4DC94E74}.Release|Any CPU.Build.0 = Release|Any CPU
	EndGlobalSection
	GlobalSection(SolutionProperties) = preSolution
		HideSolutionNode = FALSE
	EndGlobalSection
	GlobalSection(ExtensibilityGlobals) = postSolution
		SolutionGuid = {CE7090EE-F06B-4C88-AC33-604C075AD7DB}
	EndGlobalSection
EndGlobal
