
Microsoft Visual Studio Solution File, Format Version 12.00
# Visual Studio Version 16
VisualStudioVersion = 16.0.32002.261
MinimumVisualStudioVersion = 10.0.40219.1
Project("{FAE04EC0-301F-11D3-BF4B-00C04F79EFBC}") = "GF2ProjectProgramming", "GF2ProjectProgramming\GF2ProjectProgramming.csproj", "{16000E19-0066-4215-B5C9-C3EF853A2B28}"
EndProject
Global
	GlobalSection(SolutionConfigurationPlatforms) = preSolution
		Debug|Any CPU = Debug|Any CPU
		Release|Any CPU = Release|Any CPU
	EndGlobalSection
	GlobalSection(ProjectConfigurationPlatforms) = postSolution
		{16000E19-0066-4215-B5C9-C3EF853A2B28}.Debug|Any CPU.ActiveCfg = Debug|Any CPU
		{16000E19-0066-4215-B5C9-C3EF853A2B28}.Debug|Any CPU.Build.0 = Debug|Any CPU
		{16000E19-0066-4215-B5C9-C3EF853A2B28}.Release|Any CPU.ActiveCfg = Release|Any CPU
		{16000E19-0066-4215-B5C9-C3EF853A2B28}.Release|Any CPU.Build.0 = Release|Any CPU
	EndGlobalSection
	GlobalSection(SolutionProperties) = preSolution
		HideSolutionNode = FALSE
	EndGlobalSection
	GlobalSection(ExtensibilityGlobals) = postSolution
		SolutionGuid = {3B47ECD0-B784-46EC-8531-800D413CC7E1}
	EndGlobalSection
EndGlobal
