
Microsoft Visual Studio Solution File, Format Version 12.00
# Visual Studio Version 16
VisualStudioVersion = 16.0.32002.261
MinimumVisualStudioVersion = 10.0.40219.1
Project("{FAE04EC0-301F-11D3-BF4B-00C04F79EFBC}") = "Opgave45", "Opgave45\Opgave45.csproj", "{4EB147FF-02C4-4E77-BD20-013E7F1F3AD7}"
EndProject
Global
	GlobalSection(SolutionConfigurationPlatforms) = preSolution
		Debug|Any CPU = Debug|Any CPU
		Release|Any CPU = Release|Any CPU
	EndGlobalSection
	GlobalSection(ProjectConfigurationPlatforms) = postSolution
		{4EB147FF-02C4-4E77-BD20-013E7F1F3AD7}.Debug|Any CPU.ActiveCfg = Debug|Any CPU
		{4EB147FF-02C4-4E77-BD20-013E7F1F3AD7}.Debug|Any CPU.Build.0 = Debug|Any CPU
		{4EB147FF-02C4-4E77-BD20-013E7F1F3AD7}.Release|Any CPU.ActiveCfg = Release|Any CPU
		{4EB147FF-02C4-4E77-BD20-013E7F1F3AD7}.Release|Any CPU.Build.0 = Release|Any CPU
	EndGlobalSection
	GlobalSection(SolutionProperties) = preSolution
		HideSolutionNode = FALSE
	EndGlobalSection
	GlobalSection(ExtensibilityGlobals) = postSolution
		SolutionGuid = {7E52419E-62FC-4922-B217-3747681780F3}
	EndGlobalSection
EndGlobal
