
Microsoft Visual Studio Solution File, Format Version 12.00
# Visual Studio Version 16
VisualStudioVersion = 16.0.32002.261
MinimumVisualStudioVersion = 10.0.40219.1
Project("{FAE04EC0-301F-11D3-BF4B-00C04F79EFBC}") = "Opgave16", "Opgave16\Opgave16.csproj", "{A0C6F1B5-BDC9-43A2-8FBD-08A98F214DA1}"
EndProject
Global
	GlobalSection(SolutionConfigurationPlatforms) = preSolution
		Debug|Any CPU = Debug|Any CPU
		Release|Any CPU = Release|Any CPU
	EndGlobalSection
	GlobalSection(ProjectConfigurationPlatforms) = postSolution
		{A0C6F1B5-BDC9-43A2-8FBD-08A98F214DA1}.Debug|Any CPU.ActiveCfg = Debug|Any CPU
		{A0C6F1B5-BDC9-43A2-8FBD-08A98F214DA1}.Debug|Any CPU.Build.0 = Debug|Any CPU
		{A0C6F1B5-BDC9-43A2-8FBD-08A98F214DA1}.Release|Any CPU.ActiveCfg = Release|Any CPU
		{A0C6F1B5-BDC9-43A2-8FBD-08A98F214DA1}.Release|Any CPU.Build.0 = Release|Any CPU
	EndGlobalSection
	GlobalSection(SolutionProperties) = preSolution
		HideSolutionNode = FALSE
	EndGlobalSection
	GlobalSection(ExtensibilityGlobals) = postSolution
		SolutionGuid = {8387F666-86CA-46AF-A75F-24051E8BD468}
	EndGlobalSection
EndGlobal
