
Microsoft Visual Studio Solution File, Format Version 12.00
# Visual Studio Version 16
VisualStudioVersion = 16.0.32002.261
MinimumVisualStudioVersion = 10.0.40219.1
Project("{FAE04EC0-301F-11D3-BF4B-00C04F79EFBC}") = "SpecielleTegn", "SpecielleTegn\SpecielleTegn.csproj", "{BCF39335-C22D-477C-A3EA-E2E5DA1F2708}"
EndProject
Global
	GlobalSection(SolutionConfigurationPlatforms) = preSolution
		Debug|Any CPU = Debug|Any CPU
		Release|Any CPU = Release|Any CPU
	EndGlobalSection
	GlobalSection(ProjectConfigurationPlatforms) = postSolution
		{BCF39335-C22D-477C-A3EA-E2E5DA1F2708}.Debug|Any CPU.ActiveCfg = Debug|Any CPU
		{BCF39335-C22D-477C-A3EA-E2E5DA1F2708}.Debug|Any CPU.Build.0 = Debug|Any CPU
		{BCF39335-C22D-477C-A3EA-E2E5DA1F2708}.Release|Any CPU.ActiveCfg = Release|Any CPU
		{BCF39335-C22D-477C-A3EA-E2E5DA1F2708}.Release|Any CPU.Build.0 = Release|Any CPU
	EndGlobalSection
	GlobalSection(SolutionProperties) = preSolution
		HideSolutionNode = FALSE
	EndGlobalSection
	GlobalSection(ExtensibilityGlobals) = postSolution
		SolutionGuid = {A99FBE1B-D043-4894-9B93-5CBFF9440840}
	EndGlobalSection
EndGlobal
