
Microsoft Visual Studio Solution File, Format Version 12.00
# Visual Studio Version 16
VisualStudioVersion = 16.0.32002.261
MinimumVisualStudioVersion = 10.0.40219.1
Project("{FAE04EC0-301F-11D3-BF4B-00C04F79EFBC}") = "DemoSwitchCase", "DemoSwitchCase\DemoSwitchCase.csproj", "{1E4B9024-0E2A-4AF2-A315-50BF60CF8277}"
EndProject
Global
	GlobalSection(SolutionConfigurationPlatforms) = preSolution
		Debug|Any CPU = Debug|Any CPU
		Release|Any CPU = Release|Any CPU
	EndGlobalSection
	GlobalSection(ProjectConfigurationPlatforms) = postSolution
		{1E4B9024-0E2A-4AF2-A315-50BF60CF8277}.Debug|Any CPU.ActiveCfg = Debug|Any CPU
		{1E4B9024-0E2A-4AF2-A315-50BF60CF8277}.Debug|Any CPU.Build.0 = Debug|Any CPU
		{1E4B9024-0E2A-4AF2-A315-50BF60CF8277}.Release|Any CPU.ActiveCfg = Release|Any CPU
		{1E4B9024-0E2A-4AF2-A315-50BF60CF8277}.Release|Any CPU.Build.0 = Release|Any CPU
	EndGlobalSection
	GlobalSection(SolutionProperties) = preSolution
		HideSolutionNode = FALSE
	EndGlobalSection
	GlobalSection(ExtensibilityGlobals) = postSolution
		SolutionGuid = {72B1D6B8-F5BA-4725-88B3-1A32B01A469F}
	EndGlobalSection
EndGlobal
