
Microsoft Visual Studio Solution File, Format Version 12.00
# Visual Studio Version 16
VisualStudioVersion = 16.0.32002.261
MinimumVisualStudioVersion = 10.0.40219.1
Project("{FAE04EC0-301F-11D3-BF4B-00C04F79EFBC}") = "Opgave40", "Opgave40\Opgave40.csproj", "{B1682972-A9EB-4983-915E-966F5131E4C4}"
EndProject
Global
	GlobalSection(SolutionConfigurationPlatforms) = preSolution
		Debug|Any CPU = Debug|Any CPU
		Release|Any CPU = Release|Any CPU
	EndGlobalSection
	GlobalSection(ProjectConfigurationPlatforms) = postSolution
		{B1682972-A9EB-4983-915E-966F5131E4C4}.Debug|Any CPU.ActiveCfg = Debug|Any CPU
		{B1682972-A9EB-4983-915E-966F5131E4C4}.Debug|Any CPU.Build.0 = Debug|Any CPU
		{B1682972-A9EB-4983-915E-966F5131E4C4}.Release|Any CPU.ActiveCfg = Release|Any CPU
		{B1682972-A9EB-4983-915E-966F5131E4C4}.Release|Any CPU.Build.0 = Release|Any CPU
	EndGlobalSection
	GlobalSection(SolutionProperties) = preSolution
		HideSolutionNode = FALSE
	EndGlobalSection
	GlobalSection(ExtensibilityGlobals) = postSolution
		SolutionGuid = {3FFC7896-0ACD-406E-9383-D9550BC816DD}
	EndGlobalSection
EndGlobal
