
Microsoft Visual Studio Solution File, Format Version 12.00
# Visual Studio Version 16
VisualStudioVersion = 16.0.32002.261
MinimumVisualStudioVersion = 10.0.40219.1
Project("{FAE04EC0-301F-11D3-BF4B-00C04F79EFBC}") = "FodboldklubbenOpgave", "FodboldklubbenOpgave\FodboldklubbenOpgave.csproj", "{4FDAD9D0-D6FD-43A4-BF35-AA93282C70E9}"
EndProject
Global
	GlobalSection(SolutionConfigurationPlatforms) = preSolution
		Debug|Any CPU = Debug|Any CPU
		Release|Any CPU = Release|Any CPU
	EndGlobalSection
	GlobalSection(ProjectConfigurationPlatforms) = postSolution
		{4FDAD9D0-D6FD-43A4-BF35-AA93282C70E9}.Debug|Any CPU.ActiveCfg = Debug|Any CPU
		{4FDAD9D0-D6FD-43A4-BF35-AA93282C70E9}.Debug|Any CPU.Build.0 = Debug|Any CPU
		{4FDAD9D0-D6FD-43A4-BF35-AA93282C70E9}.Release|Any CPU.ActiveCfg = Release|Any CPU
		{4FDAD9D0-D6FD-43A4-BF35-AA93282C70E9}.Release|Any CPU.Build.0 = Release|Any CPU
	EndGlobalSection
	GlobalSection(SolutionProperties) = preSolution
		HideSolutionNode = FALSE
	EndGlobalSection
	GlobalSection(ExtensibilityGlobals) = postSolution
		SolutionGuid = {875B36A4-AACB-4D7B-9496-F4FFBF242EC8}
	EndGlobalSection
EndGlobal
